// !$*UTF8*$!
{
	archiveVersion = 1;
	classes = {
	};
	objectVersion = 51;
	objects = {

/* Begin PBXBuildFile section */
		4C69CE5D2243FF6B00FCC33A /* AppDelegate.swift in Sources */ = {isa = PBXBuildFile; fileRef = 4C69CE5C2243FF6B00FCC33A /* AppDelegate.swift */; };
		4C69CE622243FF6B00FCC33A /* Main.storyboard in Resources */ = {isa = PBXBuildFile; fileRef = 4C69CE602243FF6B00FCC33A /* Main.storyboard */; };
		4C69CE642243FF6D00FCC33A /* Assets.xcassets in Resources */ = {isa = PBXBuildFile; fileRef = 4C69CE632243FF6D00FCC33A /* Assets.xcassets */; };
		4C69CE672243FF6D00FCC33A /* LaunchScreen.storyboard in Resources */ = {isa = PBXBuildFile; fileRef = 4C69CE652243FF6D00FCC33A /* LaunchScreen.storyboard */; };
		4CC028DB2244073C0097A2FD /* User.swift in Sources */ = {isa = PBXBuildFile; fileRef = 4CC028DA2244073C0097A2FD /* User.swift */; };
		4CC028DD224408610097A2FD /* TeamImporter.swift in Sources */ = {isa = PBXBuildFile; fileRef = 4CC028DC224408610097A2FD /* TeamImporter.swift */; };
		4CC028DF22440FE70097A2FD /* TeamListViewController.swift in Sources */ = {isa = PBXBuildFile; fileRef = 4CC028DE22440FE70097A2FD /* TeamListViewController.swift */; };
		A52A8426224421C5009A6593 /* LoginButton.swift in Sources */ = {isa = PBXBuildFile; fileRef = A52A8425224421C5009A6593 /* LoginButton.swift */; };
		A52A8429224421DD009A6593 /* FacebookLoginButton.swift in Sources */ = {isa = PBXBuildFile; fileRef = A52A8427224421DD009A6593 /* FacebookLoginButton.swift */; };
		A52A842A224421DD009A6593 /* TwitterLoginButton.swift in Sources */ = {isa = PBXBuildFile; fileRef = A52A8428224421DD009A6593 /* TwitterLoginButton.swift */; };
		A52A842C22442F13009A6593 /* LoginViewController.swift in Sources */ = {isa = PBXBuildFile; fileRef = A52A842B22442F13009A6593 /* LoginViewController.swift */; };
/* End PBXBuildFile section */

/* Begin PBXFileReference section */
		4C69CE592243FF6B00FCC33A /* Intercom App.app */ = {isa = PBXFileReference; explicitFileType = wrapper.application; includeInIndex = 0; path = "Intercom App.app"; sourceTree = BUILT_PRODUCTS_DIR; };
		4C69CE5C2243FF6B00FCC33A /* AppDelegate.swift */ = {isa = PBXFileReference; lastKnownFileType = sourcecode.swift; path = AppDelegate.swift; sourceTree = "<group>"; };
		4C69CE612243FF6B00FCC33A /* Base */ = {isa = PBXFileReference; lastKnownFileType = file.storyboard; name = Base; path = Base.lproj/Main.storyboard; sourceTree = "<group>"; };
		4C69CE632243FF6D00FCC33A /* Assets.xcassets */ = {isa = PBXFileReference; lastKnownFileType = folder.assetcatalog; path = Assets.xcassets; sourceTree = "<group>"; };
		4C69CE662243FF6D00FCC33A /* Base */ = {isa = PBXFileReference; lastKnownFileType = file.storyboard; name = Base; path = Base.lproj/LaunchScreen.storyboard; sourceTree = "<group>"; };
		4C69CE682243FF6D00FCC33A /* Info.plist */ = {isa = PBXFileReference; lastKnownFileType = text.plist.xml; path = Info.plist; sourceTree = "<group>"; };
		4CC028DA2244073C0097A2FD /* User.swift */ = {isa = PBXFileReference; lastKnownFileType = sourcecode.swift; path = User.swift; sourceTree = "<group>"; };
		4CC028DC224408610097A2FD /* TeamImporter.swift */ = {isa = PBXFileReference; lastKnownFileType = sourcecode.swift; path = TeamImporter.swift; sourceTree = "<group>"; };
		4CC028DE22440FE70097A2FD /* TeamListViewController.swift */ = {isa = PBXFileReference; lastKnownFileType = sourcecode.swift; path = TeamListViewController.swift; sourceTree = "<group>"; };
		A52A8425224421C5009A6593 /* LoginButton.swift */ = {isa = PBXFileReference; fileEncoding = 4; lastKnownFileType = sourcecode.swift; path = LoginButton.swift; sourceTree = "<group>"; };
		A52A8427224421DD009A6593 /* FacebookLoginButton.swift */ = {isa = PBXFileReference; fileEncoding = 4; lastKnownFileType = sourcecode.swift; path = FacebookLoginButton.swift; sourceTree = "<group>"; };
		A52A8428224421DD009A6593 /* TwitterLoginButton.swift */ = {isa = PBXFileReference; fileEncoding = 4; lastKnownFileType = sourcecode.swift; path = TwitterLoginButton.swift; sourceTree = "<group>"; };
		A52A842B22442F13009A6593 /* LoginViewController.swift */ = {isa = PBXFileReference; fileEncoding = 4; lastKnownFileType = sourcecode.swift; path = LoginViewController.swift; sourceTree = "<group>"; };
/* End PBXFileReference section */

/* Begin PBXFrameworksBuildPhase section */
		4C69CE562243FF6B00FCC33A /* Frameworks */ = {
			isa = PBXFrameworksBuildPhase;
			buildActionMask = 2147483647;
			files = (
			);
			runOnlyForDeploymentPostprocessing = 0;
		};
/* End PBXFrameworksBuildPhase section */

/* Begin PBXGroup section */
		4C69CE502243FF6B00FCC33A = {
			isa = PBXGroup;
			children = (
				4C69CE5B2243FF6B00FCC33A /* Intercom App */,
				4C69CE5A2243FF6B00FCC33A /* Products */,
			);
			sourceTree = "<group>";
		};
		4C69CE5A2243FF6B00FCC33A /* Products */ = {
			isa = PBXGroup;
			children = (
				4C69CE592243FF6B00FCC33A /* Intercom App.app */,
			);
			name = Products;
			sourceTree = "<group>";
		};
		4C69CE5B2243FF6B00FCC33A /* Intercom App */ = {
			isa = PBXGroup;
			children = (
				4C69CE5C2243FF6B00FCC33A /* AppDelegate.swift */,
				4CC028DA2244073C0097A2FD /* User.swift */,
				4CC028DC224408610097A2FD /* TeamImporter.swift */,
				4CC028DE22440FE70097A2FD /* TeamListViewController.swift */,
				A52A842222442116009A6593 /* Interface */,
				4C69CE602243FF6B00FCC33A /* Main.storyboard */,
				4C69CE632243FF6D00FCC33A /* Assets.xcassets */,
				4C69CE652243FF6D00FCC33A /* LaunchScreen.storyboard */,
				4C69CE682243FF6D00FCC33A /* Info.plist */,
			);
			path = "Intercom App";
			sourceTree = "<group>";
		};
		A52A842222442116009A6593 /* Interface */ = {
			isa = PBXGroup;
			children = (
				A52A842B22442F13009A6593 /* LoginViewController.swift */,
				A52A8425224421C5009A6593 /* LoginButton.swift */,
				A52A8427224421DD009A6593 /* FacebookLoginButton.swift */,
				A52A8428224421DD009A6593 /* TwitterLoginButton.swift */,
			);
			path = Interface;
			sourceTree = "<group>";
		};
/* End PBXGroup section */

/* Begin PBXNativeTarget section */
		4C69CE582243FF6B00FCC33A /* Intercom App */ = {
			isa = PBXNativeTarget;
			buildConfigurationList = 4C69CE6B2243FF6D00FCC33A /* Build configuration list for PBXNativeTarget "Intercom App" */;
			buildPhases = (
				4C69CE552243FF6B00FCC33A /* Sources */,
				4C69CE562243FF6B00FCC33A /* Frameworks */,
				4C69CE572243FF6B00FCC33A /* Resources */,
			);
			buildRules = (
			);
			dependencies = (
			);
			name = "Intercom App";
			productName = "Intercom App";
			productReference = 4C69CE592243FF6B00FCC33A /* Intercom App.app */;
			productType = "com.apple.product-type.application";
		};
/* End PBXNativeTarget section */

/* Begin PBXProject section */
		4C69CE512243FF6B00FCC33A /* Project object */ = {
			isa = PBXProject;
			attributes = {
				LastSwiftUpdateCheck = 1010;
				LastUpgradeCheck = 1010;
				ORGANIZATIONNAME = "Lambda School";
				TargetAttributes = {
					4C69CE582243FF6B00FCC33A = {
						CreatedOnToolsVersion = 10.1;
					};
				};
			};
			buildConfigurationList = 4C69CE542243FF6B00FCC33A /* Build configuration list for PBXProject "Intercom App" */;
			compatibilityVersion = "Xcode 10.0";
			developmentRegion = en;
			hasScannedForEncodings = 0;
			knownRegions = (
				en,
				Base,
			);
			mainGroup = 4C69CE502243FF6B00FCC33A;
			productRefGroup = 4C69CE5A2243FF6B00FCC33A /* Products */;
			projectDirPath = "";
			projectRoot = "";
			targets = (
				4C69CE582243FF6B00FCC33A /* Intercom App */,
			);
		};
/* End PBXProject section */

/* Begin PBXResourcesBuildPhase section */
		4C69CE572243FF6B00FCC33A /* Resources */ = {
			isa = PBXResourcesBuildPhase;
			buildActionMask = 2147483647;
			files = (
				4C69CE672243FF6D00FCC33A /* LaunchScreen.storyboard in Resources */,
				4C69CE642243FF6D00FCC33A /* Assets.xcassets in Resources */,
				4C69CE622243FF6B00FCC33A /* Main.storyboard in Resources */,
			);
			runOnlyForDeploymentPostprocessing = 0;
		};
/* End PBXResourcesBuildPhase section */

/* Begin PBXSourcesBuildPhase section */
		4C69CE552243FF6B00FCC33A /* Sources */ = {
			isa = PBXSourcesBuildPhase;
			buildActionMask = 2147483647;
			files = (
				A52A8426224421C5009A6593 /* LoginButton.swift in Sources */,
				4C69CE5D2243FF6B00FCC33A /* AppDelegate.swift in Sources */,
				4CC028DF22440FE70097A2FD /* TeamListViewController.swift in Sources */,
				4CC028DD224408610097A2FD /* TeamImporter.swift in Sources */,
				A52A842C22442F13009A6593 /* LoginViewController.swift in Sources */,
				4CC028DB2244073C0097A2FD /* User.swift in Sources */,
				A52A842A224421DD009A6593 /* TwitterLoginButton.swift in Sources */,
				A52A8429224421DD009A6593 /* FacebookLoginButton.swift in Sources */,
			);
			runOnlyForDeploymentPostprocessing = 0;
		};
/* End PBXSourcesBuildPhase section */

/* Begin PBXVariantGroup section */
		4C69CE602243FF6B00FCC33A /* Main.storyboard */ = {
			isa = PBXVariantGroup;
			children = (
				4C69CE612243FF6B00FCC33A /* Base */,
			);
			name = Main.storyboard;
			sourceTree = "<group>";
		};
		4C69CE652243FF6D00FCC33A /* LaunchScreen.storyboard */ = {
			isa = PBXVariantGroup;
			children = (
				4C69CE662243FF6D00FCC33A /* Base */,
			);
			name = LaunchScreen.storyboard;
			sourceTree = "<group>";
		};
/* End PBXVariantGroup section */

/* Begin XCBuildConfiguration section */
		4C69CE692243FF6D00FCC33A /* Debug */ = {
			isa = XCBuildConfiguration;
			buildSettings = {
				ALWAYS_SEARCH_USER_PATHS = NO;
				CLANG_ANALYZER_NONNULL = YES;
				CLANG_ANALYZER_NUMBER_OBJECT_CONVERSION = YES_AGGRESSIVE;
				CLANG_CXX_LANGUAGE_STANDARD = "gnu++14";
				CLANG_CXX_LIBRARY = "libc++";
				CLANG_ENABLE_MODULES = YES;
				CLANG_ENABLE_OBJC_ARC = YES;
				CLANG_ENABLE_OBJC_WEAK = YES;
				CLANG_WARN_BLOCK_CAPTURE_AUTORELEASING = YES;
				CLANG_WARN_BOOL_CONVERSION = YES;
				CLANG_WARN_COMMA = YES;
				CLANG_WARN_CONSTANT_CONVERSION = YES;
				CLANG_WARN_DEPRECATED_OBJC_IMPLEMENTATIONS = YES;
				CLANG_WARN_DIRECT_OBJC_ISA_USAGE = YES_ERROR;
				CLANG_WARN_DOCUMENTATION_COMMENTS = YES;
				CLANG_WARN_EMPTY_BODY = YES;
				CLANG_WARN_ENUM_CONVERSION = YES;
				CLANG_WARN_INFINITE_RECURSION = YES;
				CLANG_WARN_INT_CONVERSION = YES;
				CLANG_WARN_NON_LITERAL_NULL_CONVERSION = YES;
				CLANG_WARN_OBJC_IMPLICIT_RETAIN_SELF = YES;
				CLANG_WARN_OBJC_LITERAL_CONVERSION = YES;
				CLANG_WARN_OBJC_ROOT_CLASS = YES_ERROR;
				CLANG_WARN_RANGE_LOOP_ANALYSIS = YES;
				CLANG_WARN_STRICT_PROTOTYPES = YES;
				CLANG_WARN_SUSPICIOUS_MOVE = YES;
				CLANG_WARN_UNGUARDED_AVAILABILITY = YES_AGGRESSIVE;
				CLANG_WARN_UNREACHABLE_CODE = YES;
				CLANG_WARN__DUPLICATE_METHOD_MATCH = YES;
				CODE_SIGN_IDENTITY = "iPhone Developer";
				COPY_PHASE_STRIP = NO;
				DEBUG_INFORMATION_FORMAT = dwarf;
				ENABLE_STRICT_OBJC_MSGSEND = YES;
				ENABLE_TESTABILITY = YES;
				GCC_C_LANGUAGE_STANDARD = gnu11;
				GCC_DYNAMIC_NO_PIC = NO;
				GCC_NO_COMMON_BLOCKS = YES;
				GCC_OPTIMIZATION_LEVEL = 0;
				GCC_PREPROCESSOR_DEFINITIONS = (
					"DEBUG=1",
					"$(inherited)",
				);
				GCC_WARN_64_TO_32_BIT_CONVERSION = YES;
				GCC_WARN_ABOUT_RETURN_TYPE = YES_ERROR;
				GCC_WARN_UNDECLARED_SELECTOR = YES;
				GCC_WARN_UNINITIALIZED_AUTOS = YES_AGGRESSIVE;
				GCC_WARN_UNUSED_FUNCTION = YES;
				GCC_WARN_UNUSED_VARIABLE = YES;
				IPHONEOS_DEPLOYMENT_TARGET = 12.1;
				MTL_ENABLE_DEBUG_INFO = INCLUDE_SOURCE;
				MTL_FAST_MATH = YES;
				ONLY_ACTIVE_ARCH = YES;
				SDKROOT = iphoneos;
				SWIFT_ACTIVE_COMPILATION_CONDITIONS = DEBUG;
				SWIFT_OPTIMIZATION_LEVEL = "-Onone";
			};
			name = Debug;
		};
		4C69CE6A2243FF6D00FCC33A /* Release */ = {
			isa = XCBuildConfiguration;
			buildSettings = {
				ALWAYS_SEARCH_USER_PATHS = NO;
				CLANG_ANALYZER_NONNULL = YES;
				CLANG_ANALYZER_NUMBER_OBJECT_CONVERSION = YES_AGGRESSIVE;
				CLANG_CXX_LANGUAGE_STANDARD = "gnu++14";
				CLANG_CXX_LIBRARY = "libc++";
				CLANG_ENABLE_MODULES = YES;
				CLANG_ENABLE_OBJC_ARC = YES;
				CLANG_ENABLE_OBJC_WEAK = YES;
				CLANG_WARN_BLOCK_CAPTURE_AUTORELEASING = YES;
				CLANG_WARN_BOOL_CONVERSION = YES;
				CLANG_WARN_COMMA = YES;
				CLANG_WARN_CONSTANT_CONVERSION = YES;
				CLANG_WARN_DEPRECATED_OBJC_IMPLEMENTATIONS = YES;
				CLANG_WARN_DIRECT_OBJC_ISA_USAGE = YES_ERROR;
				CLANG_WARN_DOCUMENTATION_COMMENTS = YES;
				CLANG_WARN_EMPTY_BODY = YES;
				CLANG_WARN_ENUM_CONVERSION = YES;
				CLANG_WARN_INFINITE_RECURSION = YES;
				CLANG_WARN_INT_CONVERSION = YES;
				CLANG_WARN_NON_LITERAL_NULL_CONVERSION = YES;
				CLANG_WARN_OBJC_IMPLICIT_RETAIN_SELF = YES;
				CLANG_WARN_OBJC_LITERAL_CONVERSION = YES;
				CLANG_WARN_OBJC_ROOT_CLASS = YES_ERROR;
				CLANG_WARN_RANGE_LOOP_ANALYSIS = YES;
				CLANG_WARN_STRICT_PROTOTYPES = YES;
				CLANG_WARN_SUSPICIOUS_MOVE = YES;
				CLANG_WARN_UNGUARDED_AVAILABILITY = YES_AGGRESSIVE;
				CLANG_WARN_UNREACHABLE_CODE = YES;
				CLANG_WARN__DUPLICATE_METHOD_MATCH = YES;
				CODE_SIGN_IDENTITY = "iPhone Developer";
				COPY_PHASE_STRIP = NO;
				DEBUG_INFORMATION_FORMAT = "dwarf-with-dsym";
				ENABLE_NS_ASSERTIONS = NO;
				ENABLE_STRICT_OBJC_MSGSEND = YES;
				GCC_C_LANGUAGE_STANDARD = gnu11;
				GCC_NO_COMMON_BLOCKS = YES;
				GCC_WARN_64_TO_32_BIT_CONVERSION = YES;
				GCC_WARN_ABOUT_RETURN_TYPE = YES_ERROR;
				GCC_WARN_UNDECLARED_SELECTOR = YES;
				GCC_WARN_UNINITIALIZED_AUTOS = YES_AGGRESSIVE;
				GCC_WARN_UNUSED_FUNCTION = YES;
				GCC_WARN_UNUSED_VARIABLE = YES;
				IPHONEOS_DEPLOYMENT_TARGET = 12.1;
				MTL_ENABLE_DEBUG_INFO = NO;
				MTL_FAST_MATH = YES;
				SDKROOT = iphoneos;
				SWIFT_COMPILATION_MODE = wholemodule;
				SWIFT_OPTIMIZATION_LEVEL = "-O";
				VALIDATE_PRODUCT = YES;
			};
			name = Release;
		};
		4C69CE6C2243FF6D00FCC33A /* Debug */ = {
			isa = XCBuildConfiguration;
			buildSettings = {
				ASSETCATALOG_COMPILER_APPICON_NAME = AppIcon;
				CODE_SIGN_STYLE = Automatic;
				DEVELOPMENT_TEAM = KF4QEGAU36;
				INFOPLIST_FILE = "Intercom App/Info.plist";
				LD_RUNPATH_SEARCH_PATHS = (
					"$(inherited)",
					"@executable_path/Frameworks",
				);
				PRODUCT_BUNDLE_IDENTIFIER = "com.lambdaschool.Intercom-App";
				PRODUCT_NAME = "$(TARGET_NAME)";
				SWIFT_VERSION = 4.2;
				TARGETED_DEVICE_FAMILY = "1,2";
			};
			name = Debug;
		};
		4C69CE6D2243FF6D00FCC33A /* Release */ = {
			isa = XCBuildConfiguration;
			buildSettings = {
				ASSETCATALOG_COMPILER_APPICON_NAME = AppIcon;
				CODE_SIGN_STYLE = Automatic;
				DEVELOPMENT_TEAM = KF4QEGAU36;
				INFOPLIST_FILE = "Intercom App/Info.plist";
				LD_RUNPATH_SEARCH_PATHS = (
					"$(inherited)",
					"@executable_path/Frameworks",
				);
				PRODUCT_BUNDLE_IDENTIFIER = "com.lambdaschool.Intercom-App";
				PRODUCT_NAME = "$(TARGET_NAME)";
				SWIFT_VERSION = 4.2;
				TARGETED_DEVICE_FAMILY = "1,2";
			};
			name = Release;
		};
/* End XCBuildConfiguration section */

/* Begin XCConfigurationList section */
		4C69CE542243FF6B00FCC33A /* Build configuration list for PBXProject "Intercom App" */ = {
			isa = XCConfigurationList;
			buildConfigurations = (
				4C69CE692243FF6D00FCC33A /* Debug */,
				4C69CE6A2243FF6D00FCC33A /* Release */,
			);
			defaultConfigurationIsVisible = 0;
			defaultConfigurationName = Release;
		};
		4C69CE6B2243FF6D00FCC33A /* Build configuration list for PBXNativeTarget "Intercom App" */ = {
			isa = XCConfigurationList;
			buildConfigurations = (
				4C69CE6C2243FF6D00FCC33A /* Debug */,
				4C69CE6D2243FF6D00FCC33A /* Release */,
			);
			defaultConfigurationIsVisible = 0;
			defaultConfigurationName = Release;
		};
/* End XCConfigurationList section */
	};
	rootObject = 4C69CE512243FF6B00FCC33A /* Project object */;
}
