PODS:
  - Alamofire (5.0.0-beta.5)
  - Auth0 (1.14.2):
    - SimpleKeychain
  - SimpleKeychain (0.8.1)
  - Stripe (15.0.1)
  - SwiftKeychainWrapper (3.2.0)
  - TwilioVoice (2.0.7)

DEPENDENCIES:
  - Alamofire (= 5.0.0-beta.5)
  - Auth0
  - SimpleKeychain
  - Stripe
  - SwiftKeychainWrapper
  - TwilioVoice (~> 2.0)

SPEC REPOS:
  https://github.com/cocoapods/specs.git:
    - Alamofire
    - Auth0
    - SimpleKeychain
    - Stripe
    - SwiftKeychainWrapper
    - TwilioVoice

SPEC CHECKSUMS:
  Alamofire: 9afb08f7f43efcc71c072374e720fcf67521317d
  Auth0: df9ac013e7850052fea1dcd53fa09bb129121721
  SimpleKeychain: e2485c28d82fcece35e9e41faeac42ebfe614815
  Stripe: 2c4d0a88817361a102886315ff452d90f65e898b
  SwiftKeychainWrapper: 82c4c02cdc36f9a24f7edfcaab3e336401caa1a1
  TwilioVoice: c0eacff80ee4d9b1e5f8c789ce8c5747c09e6140

PODFILE CHECKSUM: d6de53cd68e106223155b6b328293238395a64f7

COCOAPODS: 1.6.0
